// !$*UTF8*$!
{
	archiveVersion = 1;
	classes = {
	};
	objectVersion = 56;
	objects = {

/* Begin PBXBuildFile section */
		B9AF25DA2B667B6A00BFF354 /* Assets.xcassets in Resources */ = {isa = PBXBuildFile; fileRef = B9AF25D92B667B6A00BFF354 /* Assets.xcassets */; };
		B9AF25E02B667B6A00BFF354 /* Scriptura MessagesExtension.appex in Embed Foundation Extensions */ = {isa = PBXBuildFile; fileRef = B9AF25DF2B667B6A00BFF354 /* Scriptura MessagesExtension.appex */; settings = {ATTRIBUTES = (RemoveHeadersOnCopy, ); }; };
		B9AF25E52B667B6A00BFF354 /* Messages.framework in Frameworks */ = {isa = PBXBuildFile; fileRef = B9AF25E42B667B6A00BFF354 /* Messages.framework */; };
		B9AF25E82B667B6A00BFF354 /* MessagesViewController.swift in Sources */ = {isa = PBXBuildFile; fileRef = B9AF25E72B667B6A00BFF354 /* MessagesViewController.swift */; };
		B9AF25ED2B667B6B00BFF354 /* Assets.xcassets in Resources */ = {isa = PBXBuildFile; fileRef = B9AF25EC2B667B6B00BFF354 /* Assets.xcassets */; };
		B9AF25FA2B667CEB00BFF354 /* ChatEngine.swift in Sources */ = {isa = PBXBuildFile; fileRef = B9AF25F92B667CEB00BFF354 /* ChatEngine.swift */; };
		B9F1D8322B74D81500C2CFDE /* CodeGoneWild in Resources */ = {isa = PBXBuildFile; fileRef = B9F1D8312B74D81500C2CFDE /* CodeGoneWild */; };
		B9FF3DC62B6A19EF0023BFEE /* Storyboard.storyboard in Resources */ = {isa = PBXBuildFile; fileRef = B9FF3DC52B6A19EF0023BFEE /* Storyboard.storyboard */; };
/* End PBXBuildFile section */

/* Begin PBXContainerItemProxy section */
		B9AF25E12B667B6A00BFF354 /* PBXContainerItemProxy */ = {
			isa = PBXContainerItemProxy;
			containerPortal = B9AF25D02B667B6900BFF354 /* Project object */;
			proxyType = 1;
			remoteGlobalIDString = B9AF25DE2B667B6A00BFF354;
			remoteInfo = "Scriptura MessagesExtension";
		};
/* End PBXContainerItemProxy section */

/* Begin PBXCopyFilesBuildPhase section */
		B9AF25F42B667B6B00BFF354 /* Embed Foundation Extensions */ = {
			isa = PBXCopyFilesBuildPhase;
			buildActionMask = 2147483647;
			dstPath = "";
			dstSubfolderSpec = 13;
			files = (
				B9AF25E02B667B6A00BFF354 /* Scriptura MessagesExtension.appex in Embed Foundation Extensions */,
			);
			name = "Embed Foundation Extensions";
			runOnlyForDeploymentPostprocessing = 0;
		};
/* End PBXCopyFilesBuildPhase section */

/* Begin PBXFileReference section */
		B90292262B68BAA10084E2DF /* README.md */ = {isa = PBXFileReference; lastKnownFileType = net.daringfireball.markdown; path = README.md; sourceTree = "<group>"; };
		B94DA2522B677A8200C34C45 /* Scriptura.entitlements */ = {isa = PBXFileReference; lastKnownFileType = text.plist.entitlements; path = Scriptura.entitlements; sourceTree = "<group>"; };
		B9AF25D62B667B6900BFF354 /* Scriptura.app */ = {isa = PBXFileReference; explicitFileType = wrapper.application; includeInIndex = 0; path = Scriptura.app; sourceTree = BUILT_PRODUCTS_DIR; };
		B9AF25D92B667B6A00BFF354 /* Assets.xcassets */ = {isa = PBXFileReference; lastKnownFileType = folder.assetcatalog; path = Assets.xcassets; sourceTree = "<group>"; };
		B9AF25DF2B667B6A00BFF354 /* Scriptura MessagesExtension.appex */ = {isa = PBXFileReference; explicitFileType = "wrapper.app-extension"; includeInIndex = 0; path = "Scriptura MessagesExtension.appex"; sourceTree = BUILT_PRODUCTS_DIR; };
		B9AF25E42B667B6A00BFF354 /* Messages.framework */ = {isa = PBXFileReference; lastKnownFileType = wrapper.framework; name = Messages.framework; path = System/Library/Frameworks/Messages.framework; sourceTree = SDKROOT; };
		B9AF25E72B667B6A00BFF354 /* MessagesViewController.swift */ = {isa = PBXFileReference; lastKnownFileType = sourcecode.swift; path = MessagesViewController.swift; sourceTree = "<group>"; };
		B9AF25EC2B667B6B00BFF354 /* Assets.xcassets */ = {isa = PBXFileReference; lastKnownFileType = folder.assetcatalog; path = Assets.xcassets; sourceTree = "<group>"; };
		B9AF25EE2B667B6B00BFF354 /* Info.plist */ = {isa = PBXFileReference; lastKnownFileType = text.plist.xml; path = Info.plist; sourceTree = "<group>"; };
		B9AF25F82B667CEA00BFF354 /* Scriptura-Bridging-Header.h */ = {isa = PBXFileReference; lastKnownFileType = sourcecode.c.h; path = "Scriptura-Bridging-Header.h"; sourceTree = "<group>"; };
		B9AF25F92B667CEB00BFF354 /* ChatEngine.swift */ = {isa = PBXFileReference; lastKnownFileType = sourcecode.swift; path = ChatEngine.swift; sourceTree = "<group>"; wrapsLines = 0; };
		B9F1D8312B74D81500C2CFDE /* CodeGoneWild */ = {isa = PBXFileReference; lastKnownFileType = text; path = CodeGoneWild; sourceTree = "<group>"; };
		B9FF3DC52B6A19EF0023BFEE /* Storyboard.storyboard */ = {isa = PBXFileReference; lastKnownFileType = file.storyboard; path = Storyboard.storyboard; sourceTree = "<group>"; };
/* End PBXFileReference section */

/* Begin PBXFrameworksBuildPhase section */
		B9AF25DC2B667B6A00BFF354 /* Frameworks */ = {
			isa = PBXFrameworksBuildPhase;
			buildActionMask = 2147483647;
			files = (
				B9AF25E52B667B6A00BFF354 /* Messages.framework in Frameworks */,
			);
			runOnlyForDeploymentPostprocessing = 0;
		};
/* End PBXFrameworksBuildPhase section */

/* Begin PBXGroup section */
		B9AF25CF2B667B6900BFF354 = {
			isa = PBXGroup;
			children = (
				B9AF25D82B667B6900BFF354 /* Scriptura */,
				B9AF25E62B667B6A00BFF354 /* Scriptura MessagesExtension */,
				B9AF25E32B667B6A00BFF354 /* Frameworks */,
				B9AF25D72B667B6900BFF354 /* Products */,
			);
			sourceTree = "<group>";
		};
		B9AF25D72B667B6900BFF354 /* Products */ = {
			isa = PBXGroup;
			children = (
				B9AF25D62B667B6900BFF354 /* Scriptura.app */,
				B9AF25DF2B667B6A00BFF354 /* Scriptura MessagesExtension.appex */,
			);
			name = Products;
			sourceTree = "<group>";
		};
		B9AF25D82B667B6900BFF354 /* Scriptura */ = {
			isa = PBXGroup;
			children = (
				B94DA2522B677A8200C34C45 /* Scriptura.entitlements */,
				B9AF25D92B667B6A00BFF354 /* Assets.xcassets */,
			);
			path = Scriptura;
			sourceTree = "<group>";
		};
		B9AF25E32B667B6A00BFF354 /* Frameworks */ = {
			isa = PBXGroup;
			children = (
				B9AF25E42B667B6A00BFF354 /* Messages.framework */,
			);
			name = Frameworks;
			sourceTree = "<group>";
		};
		B9AF25E62B667B6A00BFF354 /* Scriptura MessagesExtension */ = {
			isa = PBXGroup;
			children = (
				B9AF25E72B667B6A00BFF354 /* MessagesViewController.swift */,
				B9AF25F92B667CEB00BFF354 /* ChatEngine.swift */,
				B9FF3DC52B6A19EF0023BFEE /* Storyboard.storyboard */,
				B90292262B68BAA10084E2DF /* README.md */,
				B9AF25EC2B667B6B00BFF354 /* Assets.xcassets */,
				B9AF25EE2B667B6B00BFF354 /* Info.plist */,
				B9AF25F82B667CEA00BFF354 /* Scriptura-Bridging-Header.h */,
				B9F1D8312B74D81500C2CFDE /* CodeGoneWild */,
			);
			path = "Scriptura MessagesExtension";
			sourceTree = "<group>";
		};
/* End PBXGroup section */

/* Begin PBXNativeTarget section */
		B9AF25D52B667B6900BFF354 /* Scriptura */ = {
			isa = PBXNativeTarget;
			buildConfigurationList = B9AF25F52B667B6B00BFF354 /* Build configuration list for PBXNativeTarget "Scriptura" */;
			buildPhases = (
				B9AF25D42B667B6900BFF354 /* Resources */,
				B9AF25F42B667B6B00BFF354 /* Embed Foundation Extensions */,
			);
			buildRules = (
			);
			dependencies = (
				B9AF25E22B667B6A00BFF354 /* PBXTargetDependency */,
			);
			name = Scriptura;
			productName = Scriptura;
			productReference = B9AF25D62B667B6900BFF354 /* Scriptura.app */;
			productType = "com.apple.product-type.application.messages";
		};
		B9AF25DE2B667B6A00BFF354 /* Scriptura MessagesExtension */ = {
			isa = PBXNativeTarget;
			buildConfigurationList = B9AF25F12B667B6B00BFF354 /* Build configuration list for PBXNativeTarget "Scriptura MessagesExtension" */;
			buildPhases = (
				B9AF25DB2B667B6A00BFF354 /* Sources */,
				B9AF25DC2B667B6A00BFF354 /* Frameworks */,
				B9AF25DD2B667B6A00BFF354 /* Resources */,
			);
			buildRules = (
			);
			dependencies = (
			);
			name = "Scriptura MessagesExtension";
			productName = "Scriptura MessagesExtension";
			productReference = B9AF25DF2B667B6A00BFF354 /* Scriptura MessagesExtension.appex */;
			productType = "com.apple.product-type.app-extension.messages";
		};
/* End PBXNativeTarget section */

/* Begin PBXProject section */
		B9AF25D02B667B6900BFF354 /* Project object */ = {
			isa = PBXProject;
			attributes = {
				BuildIndependentTargetsInParallel = 1;
				LastSwiftUpdateCheck = 1530;
				LastUpgradeCheck = 1530;
				TargetAttributes = {
					B9AF25D52B667B6900BFF354 = {
						CreatedOnToolsVersion = 15.3;
						LastSwiftMigration = 1530;
					};
					B9AF25DE2B667B6A00BFF354 = {
						CreatedOnToolsVersion = 15.3;
					};
				};
			};
			buildConfigurationList = B9AF25D32B667B6900BFF354 /* Build configuration list for PBXProject "Scriptura" */;
			compatibilityVersion = "Xcode 14.0";
			developmentRegion = en;
			hasScannedForEncodings = 0;
			knownRegions = (
				en,
				Base,
			);
			mainGroup = B9AF25CF2B667B6900BFF354;
			productRefGroup = B9AF25D72B667B6900BFF354 /* Products */;
			projectDirPath = "";
			projectRoot = "";
			targets = (
				B9AF25D52B667B6900BFF354 /* Scriptura */,
				B9AF25DE2B667B6A00BFF354 /* Scriptura MessagesExtension */,
			);
		};
/* End PBXProject section */

/* Begin PBXResourcesBuildPhase section */
		B9AF25D42B667B6900BFF354 /* Resources */ = {
			isa = PBXResourcesBuildPhase;
			buildActionMask = 2147483647;
			files = (
				B9AF25DA2B667B6A00BFF354 /* Assets.xcassets in Resources */,
			);
			runOnlyForDeploymentPostprocessing = 0;
		};
		B9AF25DD2B667B6A00BFF354 /* Resources */ = {
			isa = PBXResourcesBuildPhase;
			buildActionMask = 2147483647;
			files = (
				B9AF25ED2B667B6B00BFF354 /* Assets.xcassets in Resources */,
				B9F1D8322B74D81500C2CFDE /* CodeGoneWild in Resources */,
				B9FF3DC62B6A19EF0023BFEE /* Storyboard.storyboard in Resources */,
			);
			runOnlyForDeploymentPostprocessing = 0;
		};
/* End PBXResourcesBuildPhase section */

/* Begin PBXSourcesBuildPhase section */
		B9AF25DB2B667B6A00BFF354 /* Sources */ = {
			isa = PBXSourcesBuildPhase;
			buildActionMask = 2147483647;
			files = (
				B9AF25E82B667B6A00BFF354 /* MessagesViewController.swift in Sources */,
				B9AF25FA2B667CEB00BFF354 /* ChatEngine.swift in Sources */,
			);
			runOnlyForDeploymentPostprocessing = 0;
		};
/* End PBXSourcesBuildPhase section */

/* Begin PBXTargetDependency section */
		B9AF25E22B667B6A00BFF354 /* PBXTargetDependency */ = {
			isa = PBXTargetDependency;
			target = B9AF25DE2B667B6A00BFF354 /* Scriptura MessagesExtension */;
			targetProxy = B9AF25E12B667B6A00BFF354 /* PBXContainerItemProxy */;
		};
/* End PBXTargetDependency section */

/* Begin XCBuildConfiguration section */
		B9AF25EF2B667B6B00BFF354 /* Debug */ = {
			isa = XCBuildConfiguration;
			buildSettings = {
				ALWAYS_SEARCH_USER_PATHS = NO;
				ASSETCATALOG_COMPILER_GENERATE_SWIFT_ASSET_SYMBOL_EXTENSIONS = YES;
				CLANG_ANALYZER_NONNULL = YES;
				CLANG_ANALYZER_NUMBER_OBJECT_CONVERSION = YES_AGGRESSIVE;
				CLANG_CXX_LANGUAGE_STANDARD = "gnu++20";
				CLANG_ENABLE_MODULES = YES;
				CLANG_ENABLE_OBJC_ARC = YES;
				CLANG_ENABLE_OBJC_WEAK = YES;
				CLANG_WARN_BLOCK_CAPTURE_AUTORELEASING = YES;
				CLANG_WARN_BOOL_CONVERSION = YES;
				CLANG_WARN_COMMA = YES;
				CLANG_WARN_CONSTANT_CONVERSION = YES;
				CLANG_WARN_DEPRECATED_OBJC_IMPLEMENTATIONS = YES;
				CLANG_WARN_DIRECT_OBJC_ISA_USAGE = YES_ERROR;
				CLANG_WARN_DOCUMENTATION_COMMENTS = YES;
				CLANG_WARN_EMPTY_BODY = YES;
				CLANG_WARN_ENUM_CONVERSION = YES;
				CLANG_WARN_INFINITE_RECURSION = YES;
				CLANG_WARN_INT_CONVERSION = YES;
				CLANG_WARN_NON_LITERAL_NULL_CONVERSION = YES;
				CLANG_WARN_OBJC_IMPLICIT_RETAIN_SELF = YES;
				CLANG_WARN_OBJC_LITERAL_CONVERSION = YES;
				CLANG_WARN_OBJC_ROOT_CLASS = YES_ERROR;
				CLANG_WARN_QUOTED_INCLUDE_IN_FRAMEWORK_HEADER = YES;
				CLANG_WARN_RANGE_LOOP_ANALYSIS = YES;
				CLANG_WARN_STRICT_PROTOTYPES = YES;
				CLANG_WARN_SUSPICIOUS_MOVE = YES;
				CLANG_WARN_UNGUARDED_AVAILABILITY = YES_AGGRESSIVE;
				CLANG_WARN_UNREACHABLE_CODE = YES;
				CLANG_WARN__DUPLICATE_METHOD_MATCH = YES;
				COPY_PHASE_STRIP = NO;
				DEBUG_INFORMATION_FORMAT = dwarf;
				ENABLE_STRICT_OBJC_MSGSEND = YES;
				ENABLE_TESTABILITY = YES;
				ENABLE_USER_SCRIPT_SANDBOXING = YES;
				GCC_C_LANGUAGE_STANDARD = gnu17;
				GCC_DYNAMIC_NO_PIC = NO;
				GCC_NO_COMMON_BLOCKS = YES;
				GCC_OPTIMIZATION_LEVEL = 0;
				GCC_PREPROCESSOR_DEFINITIONS = (
					"DEBUG=1",
					"$(inherited)",
				);
				GCC_WARN_64_TO_32_BIT_CONVERSION = YES;
				GCC_WARN_ABOUT_RETURN_TYPE = YES_ERROR;
				GCC_WARN_UNDECLARED_SELECTOR = YES;
				GCC_WARN_UNINITIALIZED_AUTOS = YES_AGGRESSIVE;
				GCC_WARN_UNUSED_FUNCTION = YES;
				GCC_WARN_UNUSED_VARIABLE = YES;
				IPHONEOS_DEPLOYMENT_TARGET = 17.0;
				LOCALIZATION_PREFERS_STRING_CATALOGS = YES;
				MTL_ENABLE_DEBUG_INFO = INCLUDE_SOURCE;
				MTL_FAST_MATH = YES;
				ONLY_ACTIVE_ARCH = YES;
				SDKROOT = iphoneos;
				SWIFT_ACTIVE_COMPILATION_CONDITIONS = "DEBUG $(inherited)";
				SWIFT_OPTIMIZATION_LEVEL = "-Onone";
			};
			name = Debug;
		};
		B9AF25F02B667B6B00BFF354 /* Release */ = {
			isa = XCBuildConfiguration;
			buildSettings = {
				ALWAYS_SEARCH_USER_PATHS = NO;
				ASSETCATALOG_COMPILER_GENERATE_SWIFT_ASSET_SYMBOL_EXTENSIONS = YES;
				CLANG_ANALYZER_NONNULL = YES;
				CLANG_ANALYZER_NUMBER_OBJECT_CONVERSION = YES_AGGRESSIVE;
				CLANG_CXX_LANGUAGE_STANDARD = "gnu++20";
				CLANG_ENABLE_MODULES = YES;
				CLANG_ENABLE_OBJC_ARC = YES;
				CLANG_ENABLE_OBJC_WEAK = YES;
				CLANG_WARN_BLOCK_CAPTURE_AUTORELEASING = YES;
				CLANG_WARN_BOOL_CONVERSION = YES;
				CLANG_WARN_COMMA = YES;
				CLANG_WARN_CONSTANT_CONVERSION = YES;
				CLANG_WARN_DEPRECATED_OBJC_IMPLEMENTATIONS = YES;
				CLANG_WARN_DIRECT_OBJC_ISA_USAGE = YES_ERROR;
				CLANG_WARN_DOCUMENTATION_COMMENTS = YES;
				CLANG_WARN_EMPTY_BODY = YES;
				CLANG_WARN_ENUM_CONVERSION = YES;
				CLANG_WARN_INFINITE_RECURSION = YES;
				CLANG_WARN_INT_CONVERSION = YES;
				CLANG_WARN_NON_LITERAL_NULL_CONVERSION = YES;
				CLANG_WARN_OBJC_IMPLICIT_RETAIN_SELF = YES;
				CLANG_WARN_OBJC_LITERAL_CONVERSION = YES;
				CLANG_WARN_OBJC_ROOT_CLASS = YES_ERROR;
				CLANG_WARN_QUOTED_INCLUDE_IN_FRAMEWORK_HEADER = YES;
				CLANG_WARN_RANGE_LOOP_ANALYSIS = YES;
				CLANG_WARN_STRICT_PROTOTYPES = YES;
				CLANG_WARN_SUSPICIOUS_MOVE = YES;
				CLANG_WARN_UNGUARDED_AVAILABILITY = YES_AGGRESSIVE;
				CLANG_WARN_UNREACHABLE_CODE = YES;
				CLANG_WARN__DUPLICATE_METHOD_MATCH = YES;
				COPY_PHASE_STRIP = NO;
				DEBUG_INFORMATION_FORMAT = "dwarf-with-dsym";
				ENABLE_NS_ASSERTIONS = NO;
				ENABLE_STRICT_OBJC_MSGSEND = YES;
				ENABLE_USER_SCRIPT_SANDBOXING = YES;
				GCC_C_LANGUAGE_STANDARD = gnu17;
				GCC_NO_COMMON_BLOCKS = YES;
				GCC_WARN_64_TO_32_BIT_CONVERSION = YES;
				GCC_WARN_ABOUT_RETURN_TYPE = YES_ERROR;
				GCC_WARN_UNDECLARED_SELECTOR = YES;
				GCC_WARN_UNINITIALIZED_AUTOS = YES_AGGRESSIVE;
				GCC_WARN_UNUSED_FUNCTION = YES;
				GCC_WARN_UNUSED_VARIABLE = YES;
				IPHONEOS_DEPLOYMENT_TARGET = 17.0;
				LOCALIZATION_PREFERS_STRING_CATALOGS = YES;
				MTL_ENABLE_DEBUG_INFO = NO;
				MTL_FAST_MATH = YES;
				SDKROOT = iphoneos;
				SWIFT_COMPILATION_MODE = wholemodule;
				VALIDATE_PRODUCT = YES;
			};
			name = Release;
		};
		B9AF25F22B667B6B00BFF354 /* Debug */ = {
			isa = XCBuildConfiguration;
			buildSettings = {
				ASSETCATALOG_COMPILER_APPICON_NAME = "iMessage App Icon";
				CODE_SIGN_STYLE = Automatic;
				CURRENT_PROJECT_VERSION = 1;
				DEVELOPMENT_TEAM = N9987K9442;
				GENERATE_INFOPLIST_FILE = YES;
				INFOPLIST_FILE = "Scriptura MessagesExtension/Info.plist";
				INFOPLIST_KEY_CFBundleDisplayName = Scriptura;
				INFOPLIST_KEY_NSHumanReadableCopyright = "";
				IPHONEOS_DEPLOYMENT_TARGET = 17.0;
				LD_RUNPATH_SEARCH_PATHS = (
					"$(inherited)",
					"@executable_path/Frameworks",
					"@executable_path/../../Frameworks",
				);
				MACOSX_DEPLOYMENT_TARGET = 14.3;
				MARKETING_VERSION = 1.0;
				PRODUCT_BUNDLE_IDENTIFIER = "bush.alan.james.messages-chatgtp-scriptura.Scriptura.MessagesExtension";
				PRODUCT_NAME = "$(TARGET_NAME)";
				SKIP_INSTALL = YES;
				SUPPORTED_PLATFORMS = "iphoneos iphonesimulator macosx";
				SUPPORTS_MACCATALYST = NO;
				SWIFT_EMIT_LOC_STRINGS = YES;
				SWIFT_VERSION = 5.0;
				TARGETED_DEVICE_FAMILY = "1,2";
			};
			name = Debug;
		};
		B9AF25F32B667B6B00BFF354 /* Release */ = {
			isa = XCBuildConfiguration;
			buildSettings = {
				ASSETCATALOG_COMPILER_APPICON_NAME = "iMessage App Icon";
				CODE_SIGN_STYLE = Automatic;
				CURRENT_PROJECT_VERSION = 1;
				DEVELOPMENT_TEAM = N9987K9442;
				GENERATE_INFOPLIST_FILE = YES;
				INFOPLIST_FILE = "Scriptura MessagesExtension/Info.plist";
				INFOPLIST_KEY_CFBundleDisplayName = Scriptura;
				INFOPLIST_KEY_NSHumanReadableCopyright = "";
				IPHONEOS_DEPLOYMENT_TARGET = 17.0;
				LD_RUNPATH_SEARCH_PATHS = (
					"$(inherited)",
					"@executable_path/Frameworks",
					"@executable_path/../../Frameworks",
				);
				MACOSX_DEPLOYMENT_TARGET = 14.3;
				MARKETING_VERSION = 1.0;
				PRODUCT_BUNDLE_IDENTIFIER = "bush.alan.james.messages-chatgtp-scriptura.Scriptura.MessagesExtension";
				PRODUCT_NAME = "$(TARGET_NAME)";
				SKIP_INSTALL = YES;
				SUPPORTED_PLATFORMS = "iphoneos iphonesimulator macosx";
				SUPPORTS_MACCATALYST = NO;
				SWIFT_EMIT_LOC_STRINGS = YES;
				SWIFT_VERSION = 5.0;
				TARGETED_DEVICE_FAMILY = "1,2";
			};
			name = Release;
		};
		B9AF25F62B667B6B00BFF354 /* Debug */ = {
			isa = XCBuildConfiguration;
			buildSettings = {
				ALWAYS_EMBED_SWIFT_STANDARD_LIBRARIES = YES;
				ASSETCATALOG_COMPILER_APPICON_NAME = AppIcon;
				CLANG_ENABLE_MODULES = YES;
				CODE_SIGN_ENTITLEMENTS = Scriptura/Scriptura.entitlements;
				CODE_SIGN_STYLE = Automatic;
				CURRENT_PROJECT_VERSION = 1;
				DEVELOPMENT_TEAM = N9987K9442;
				GENERATE_INFOPLIST_FILE = YES;
				INFOPLIST_KEY_UILaunchStoryboardName = LaunchScreen;
				INFOPLIST_KEY_UISupportedInterfaceOrientations_iPad = "UIInterfaceOrientationPortrait UIInterfaceOrientationPortraitUpsideDown UIInterfaceOrientationLandscapeLeft UIInterfaceOrientationLandscapeRight";
				INFOPLIST_KEY_UISupportedInterfaceOrientations_iPhone = "UIInterfaceOrientationPortrait UIInterfaceOrientationLandscapeLeft UIInterfaceOrientationLandscapeRight";
				IPHONEOS_DEPLOYMENT_TARGET = 17.0;
				MACOSX_DEPLOYMENT_TARGET = 14.3;
				MARKETING_VERSION = 1.0;
				PRODUCT_BUNDLE_IDENTIFIER = "bush.alan.james.messages-chatgtp-scriptura.Scriptura";
				PRODUCT_NAME = "$(TARGET_NAME)";
				SUPPORTED_PLATFORMS = "iphoneos iphonesimulator macosx";
				SUPPORTS_MACCATALYST = YES;
				SUPPORTS_MAC_DESIGNED_FOR_IPHONE_IPAD = YES;
				SWIFT_EMIT_LOC_STRINGS = YES;
				SWIFT_OBJC_BRIDGING_HEADER = "Scriptura MessagesExtension/Scriptura-Bridging-Header.h";
				SWIFT_OPTIMIZATION_LEVEL = "-Onone";
				SWIFT_VERSION = 5.0;
				TARGETED_DEVICE_FAMILY = "1,2";
			};
			name = Debug;
		};
		B9AF25F72B667B6B00BFF354 /* Release */ = {
			isa = XCBuildConfiguration;
			buildSettings = {
				ALWAYS_EMBED_SWIFT_STANDARD_LIBRARIES = YES;
				ASSETCATALOG_COMPILER_APPICON_NAME = AppIcon;
				CLANG_ENABLE_MODULES = YES;
				CODE_SIGN_ENTITLEMENTS = Scriptura/Scriptura.entitlements;
				CODE_SIGN_STYLE = Automatic;
				CURRENT_PROJECT_VERSION = 1;
				DEVELOPMENT_TEAM = N9987K9442;
				GENERATE_INFOPLIST_FILE = YES;
				INFOPLIST_KEY_UILaunchStoryboardName = LaunchScreen;
				INFOPLIST_KEY_UISupportedInterfaceOrientations_iPad = "UIInterfaceOrientationPortrait UIInterfaceOrientationPortraitUpsideDown UIInterfaceOrientationLandscapeLeft UIInterfaceOrientationLandscapeRight";
				INFOPLIST_KEY_UISupportedInterfaceOrientations_iPhone = "UIInterfaceOrientationPortrait UIInterfaceOrientationLandscapeLeft UIInterfaceOrientationLandscapeRight";
				IPHONEOS_DEPLOYMENT_TARGET = 17.0;
				MACOSX_DEPLOYMENT_TARGET = 14.3;
				MARKETING_VERSION = 1.0;
				PRODUCT_BUNDLE_IDENTIFIER = "bush.alan.james.messages-chatgtp-scriptura.Scriptura";
				PRODUCT_NAME = "$(TARGET_NAME)";
				SUPPORTED_PLATFORMS = "iphoneos iphonesimulator macosx";
				SUPPORTS_MACCATALYST = YES;
				SUPPORTS_MAC_DESIGNED_FOR_IPHONE_IPAD = YES;
				SWIFT_EMIT_LOC_STRINGS = YES;
				SWIFT_OBJC_BRIDGING_HEADER = "Scriptura MessagesExtension/Scriptura-Bridging-Header.h";
				SWIFT_VERSION = 5.0;
				TARGETED_DEVICE_FAMILY = "1,2";
			};
			name = Release;
		};
/* End XCBuildConfiguration section */

/* Begin XCConfigurationList section */
		B9AF25D32B667B6900BFF354 /* Build configuration list for PBXProject "Scriptura" */ = {
			isa = XCConfigurationList;
			buildConfigurations = (
				B9AF25EF2B667B6B00BFF354 /* Debug */,
				B9AF25F02B667B6B00BFF354 /* Release */,
			);
			defaultConfigurationIsVisible = 0;
			defaultConfigurationName = Release;
		};
		B9AF25F12B667B6B00BFF354 /* Build configuration list for PBXNativeTarget "Scriptura MessagesExtension" */ = {
			isa = XCConfigurationList;
			buildConfigurations = (
				B9AF25F22B667B6B00BFF354 /* Debug */,
				B9AF25F32B667B6B00BFF354 /* Release */,
			);
			defaultConfigurationIsVisible = 0;
			defaultConfigurationName = Release;
		};
		B9AF25F52B667B6B00BFF354 /* Build configuration list for PBXNativeTarget "Scriptura" */ = {
			isa = XCConfigurationList;
			buildConfigurations = (
				B9AF25F62B667B6B00BFF354 /* Debug */,
				B9AF25F72B667B6B00BFF354 /* Release */,
			);
			defaultConfigurationIsVisible = 0;
			defaultConfigurationName = Release;
		};
/* End XCConfigurationList section */
	};
	rootObject = B9AF25D02B667B6900BFF354 /* Project object */;
}
